
Microsoft Visual Studio Solution File, Format Version 12.00
# Visual Studio 15
VisualStudioVersion = 15.0.27130.2036
MinimumVisualStudioVersion = 10.0.40219.1
Project("{FAE04EC0-301F-11D3-BF4B-00C04F79EFBC}") = "Lands.Android", "Lands\Lands.Android\Lands.Android.csproj", "{5452A961-0E06-4326-AEA8-C14CCC3DE686}"
EndProject
Project("{FAE04EC0-301F-11D3-BF4B-00C04F79EFBC}") = "Lands.iOS", "Lands\Lands.iOS\Lands.iOS.csproj", "{42A27E28-5F10-416B-A2CD-A0BB8DE93D20}"
EndProject
Project("{9A19103F-16F7-4668-BE54-9A1E7A4F7556}") = "Lands", "Lands\Lands\Lands.csproj", "{0D8884F3-501A-4BE2-8E3C-8DAF2FB21916}"
EndProject
Project("{FAE04EC0-301F-11D3-BF4B-00C04F79EFBC}") = "Lands.Domain", "Lands.Domain\Lands.Domain.csproj", "{23ECA225-BA59-4194-958C-F56560F8AB97}"
EndProject
Project("{FAE04EC0-301F-11D3-BF4B-00C04F79EFBC}") = "Lands.Backend", "Lands.Backend\Lands.Backend.csproj", "{AF749127-DB9C-4D1C-BD52-394C74F32051}"
EndProject
Project("{FAE04EC0-301F-11D3-BF4B-00C04F79EFBC}") = "Lands.API", "Lands.API\Lands.API.csproj", "{A6C85C3B-C6A0-4DE0-AF5F-59C7C95F6750}"
EndProject
Global
	GlobalSection(SolutionConfigurationPlatforms) = preSolution
		Ad-Hoc|Any CPU = Ad-Hoc|Any CPU
		Ad-Hoc|iPhone = Ad-Hoc|iPhone
		Ad-Hoc|iPhoneSimulator = Ad-Hoc|iPhoneSimulator
		AppStore|Any CPU = AppStore|Any CPU
		AppStore|iPhone = AppStore|iPhone
		AppStore|iPhoneSimulator = AppStore|iPhoneSimulator
		Debug|Any CPU = Debug|Any CPU
		Debug|iPhone = Debug|iPhone
		Debug|iPhoneSimulator = Debug|iPhoneSimulator
		Release|Any CPU = Release|Any CPU
		Release|iPhone = Release|iPhone
		Release|iPhoneSimulator = Release|iPhoneSimulator
	EndGlobalSection
	GlobalSection(ProjectConfigurationPlatforms) = postSolution
		{5452A961-0E06-4326-AEA8-C14CCC3DE686}.Ad-Hoc|Any CPU.ActiveCfg = Release|Any CPU
		{5452A961-0E06-4326-AEA8-C14CCC3DE686}.Ad-Hoc|Any CPU.Build.0 = Release|Any CPU
		{5452A961-0E06-4326-AEA8-C14CCC3DE686}.Ad-Hoc|Any CPU.Deploy.0 = Release|Any CPU
		{5452A961-0E06-4326-AEA8-C14CCC3DE686}.Ad-Hoc|iPhone.ActiveCfg = Release|Any CPU
		{5452A961-0E06-4326-AEA8-C14CCC3DE686}.Ad-Hoc|iPhone.Build.0 = Release|Any CPU
		{5452A961-0E06-4326-AEA8-C14CCC3DE686}.Ad-Hoc|iPhone.Deploy.0 = Release|Any CPU
		{5452A961-0E06-4326-AEA8-C14CCC3DE686}.Ad-Hoc|iPhoneSimulator.ActiveCfg = Release|Any CPU
		{5452A961-0E06-4326-AEA8-C14CCC3DE686}.Ad-Hoc|iPhoneSimulator.Build.0 = Release|Any CPU
		{5452A961-0E06-4326-AEA8-C14CCC3DE686}.Ad-Hoc|iPhoneSimulator.Deploy.0 = Release|Any CPU
		{5452A961-0E06-4326-AEA8-C14CCC3DE686}.AppStore|Any CPU.ActiveCfg = Release|Any CPU
		{5452A961-0E06-4326-AEA8-C14CCC3DE686}.AppStore|Any CPU.Build.0 = Release|Any CPU
		{5452A961-0E06-4326-AEA8-C14CCC3DE686}.AppStore|Any CPU.Deploy.0 = Release|Any CPU
		{5452A961-0E06-4326-AEA8-C14CCC3DE686}.AppStore|iPhone.ActiveCfg = Release|Any CPU
		{5452A961-0E06-4326-AEA8-C14CCC3DE686}.AppStore|iPhone.Build.0 = Release|Any CPU
		{5452A961-0E06-4326-AEA8-C14CCC3DE686}.AppStore|iPhone.Deploy.0 = Release|Any CPU
		{5452A961-0E06-4326-AEA8-C14CCC3DE686}.AppStore|iPhoneSimulator.ActiveCfg = Release|Any CPU
		{5452A961-0E06-4326-AEA8-C14CCC3DE686}.AppStore|iPhoneSimulator.Build.0 = Release|Any CPU
		{5452A961-0E06-4326-AEA8-C14CCC3DE686}.AppStore|iPhoneSimulator.Deploy.0 = Release|Any CPU
		{5452A961-0E06-4326-AEA8-C14CCC3DE686}.Debug|Any CPU.ActiveCfg = Debug|Any CPU
		{5452A961-0E06-4326-AEA8-C14CCC3DE686}.Debug|Any CPU.Build.0 = Debug|Any CPU
		{5452A961-0E06-4326-AEA8-C14CCC3DE686}.Debug|Any CPU.Deploy.0 = Debug|Any CPU
		{5452A961-0E06-4326-AEA8-C14CCC3DE686}.Debug|iPhone.ActiveCfg = Debug|Any CPU
		{5452A961-0E06-4326-AEA8-C14CCC3DE686}.Debug|iPhone.Build.0 = Debug|Any CPU
		{5452A961-0E06-4326-AEA8-C14CCC3DE686}.Debug|iPhone.Deploy.0 = Debug|Any CPU
		{5452A961-0E06-4326-AEA8-C14CCC3DE686}.Debug|iPhoneSimulator.ActiveCfg = Debug|Any CPU
		{5452A961-0E06-4326-AEA8-C14CCC3DE686}.Debug|iPhoneSimulator.Build.0 = Debug|Any CPU
		{5452A961-0E06-4326-AEA8-C14CCC3DE686}.Debug|iPhoneSimulator.Deploy.0 = Debug|Any CPU
		{5452A961-0E06-4326-AEA8-C14CCC3DE686}.Release|Any CPU.ActiveCfg = Release|Any CPU
		{5452A961-0E06-4326-AEA8-C14CCC3DE686}.Release|Any CPU.Build.0 = Release|Any CPU
		{5452A961-0E06-4326-AEA8-C14CCC3DE686}.Release|Any CPU.Deploy.0 = Release|Any CPU
		{5452A961-0E06-4326-AEA8-C14CCC3DE686}.Release|iPhone.ActiveCfg = Release|Any CPU
		{5452A961-0E06-4326-AEA8-C14CCC3DE686}.Release|iPhone.Build.0 = Release|Any CPU
		{5452A961-0E06-4326-AEA8-C14CCC3DE686}.Release|iPhone.Deploy.0 = Release|Any CPU
		{5452A961-0E06-4326-AEA8-C14CCC3DE686}.Release|iPhoneSimulator.ActiveCfg = Release|Any CPU
		{5452A961-0E06-4326-AEA8-C14CCC3DE686}.Release|iPhoneSimulator.Build.0 = Release|Any CPU
		{5452A961-0E06-4326-AEA8-C14CCC3DE686}.Release|iPhoneSimulator.Deploy.0 = Release|Any CPU
		{42A27E28-5F10-416B-A2CD-A0BB8DE93D20}.Ad-Hoc|Any CPU.ActiveCfg = Ad-Hoc|iPhone
		{42A27E28-5F10-416B-A2CD-A0BB8DE93D20}.Ad-Hoc|iPhone.ActiveCfg = Ad-Hoc|iPhone
		{42A27E28-5F10-416B-A2CD-A0BB8DE93D20}.Ad-Hoc|iPhone.Build.0 = Ad-Hoc|iPhone
		{42A27E28-5F10-416B-A2CD-A0BB8DE93D20}.Ad-Hoc|iPhoneSimulator.ActiveCfg = Ad-Hoc|iPhoneSimulator
		{42A27E28-5F10-416B-A2CD-A0BB8DE93D20}.Ad-Hoc|iPhoneSimulator.Build.0 = Ad-Hoc|iPhoneSimulator
		{42A27E28-5F10-416B-A2CD-A0BB8DE93D20}.AppStore|Any CPU.ActiveCfg = AppStore|iPhone
		{42A27E28-5F10-416B-A2CD-A0BB8DE93D20}.AppStore|iPhone.ActiveCfg = AppStore|iPhone
		{42A27E28-5F10-416B-A2CD-A0BB8DE93D20}.AppStore|iPhone.Build.0 = AppStore|iPhone
		{42A27E28-5F10-416B-A2CD-A0BB8DE93D20}.AppStore|iPhoneSimulator.ActiveCfg = AppStore|iPhoneSimulator
		{42A27E28-5F10-416B-A2CD-A0BB8DE93D20}.AppStore|iPhoneSimulator.Build.0 = AppStore|iPhoneSimulator
		{42A27E28-5F10-416B-A2CD-A0BB8DE93D20}.Debug|Any CPU.ActiveCfg = Debug|iPhone
		{42A27E28-5F10-416B-A2CD-A0BB8DE93D20}.Debug|iPhone.ActiveCfg = Debug|iPhone
		{42A27E28-5F10-416B-A2CD-A0BB8DE93D20}.Debug|iPhone.Build.0 = Debug|iPhone
		{42A27E28-5F10-416B-A2CD-A0BB8DE93D20}.Debug|iPhoneSimulator.ActiveCfg = Debug|iPhoneSimulator
		{42A27E28-5F10-416B-A2CD-A0BB8DE93D20}.Debug|iPhoneSimulator.Build.0 = Debug|iPhoneSimulator
		{42A27E28-5F10-416B-A2CD-A0BB8DE93D20}.Release|Any CPU.ActiveCfg = Release|iPhone
		{42A27E28-5F10-416B-A2CD-A0BB8DE93D20}.Release|iPhone.ActiveCfg = Release|iPhone
		{42A27E28-5F10-416B-A2CD-A0BB8DE93D20}.Release|iPhone.Build.0 = Release|iPhone
		{42A27E28-5F10-416B-A2CD-A0BB8DE93D20}.Release|iPhoneSimulator.ActiveCfg = Release|iPhoneSimulator
		{42A27E28-5F10-416B-A2CD-A0BB8DE93D20}.Release|iPhoneSimulator.Build.0 = Release|iPhoneSimulator
		{0D8884F3-501A-4BE2-8E3C-8DAF2FB21916}.Ad-Hoc|Any CPU.ActiveCfg = Debug|Any CPU
		{0D8884F3-501A-4BE2-8E3C-8DAF2FB21916}.Ad-Hoc|Any CPU.Build.0 = Debug|Any CPU
		{0D8884F3-501A-4BE2-8E3C-8DAF2FB21916}.Ad-Hoc|iPhone.ActiveCfg = Debug|Any CPU
		{0D8884F3-501A-4BE2-8E3C-8DAF2FB21916}.Ad-Hoc|iPhone.Build.0 = Debug|Any CPU
		{0D8884F3-501A-4BE2-8E3C-8DAF2FB21916}.Ad-Hoc|iPhoneSimulator.ActiveCfg = Debug|Any CPU
		{0D8884F3-501A-4BE2-8E3C-8DAF2FB21916}.Ad-Hoc|iPhoneSimulator.Build.0 = Debug|Any CPU
		{0D8884F3-501A-4BE2-8E3C-8DAF2FB21916}.AppStore|Any CPU.ActiveCfg = Debug|Any CPU
		{0D8884F3-501A-4BE2-8E3C-8DAF2FB21916}.AppStore|Any CPU.Build.0 = Debug|Any CPU
		{0D8884F3-501A-4BE2-8E3C-8DAF2FB21916}.AppStore|iPhone.ActiveCfg = Debug|Any CPU
		{0D8884F3-501A-4BE2-8E3C-8DAF2FB21916}.AppStore|iPhone.Build.0 = Debug|Any CPU
		{0D8884F3-501A-4BE2-8E3C-8DAF2FB21916}.AppStore|iPhoneSimulator.ActiveCfg = Debug|Any CPU
		{0D8884F3-501A-4BE2-8E3C-8DAF2FB21916}.AppStore|iPhoneSimulator.Build.0 = Debug|Any CPU
		{0D8884F3-501A-4BE2-8E3C-8DAF2FB21916}.Debug|Any CPU.ActiveCfg = Debug|Any CPU
		{0D8884F3-501A-4BE2-8E3C-8DAF2FB21916}.Debug|Any CPU.Build.0 = Debug|Any CPU
		{0D8884F3-501A-4BE2-8E3C-8DAF2FB21916}.Debug|iPhone.ActiveCfg = Debug|Any CPU
		{0D8884F3-501A-4BE2-8E3C-8DAF2FB21916}.Debug|iPhone.Build.0 = Debug|Any CPU
		{0D8884F3-501A-4BE2-8E3C-8DAF2FB21916}.Debug|iPhoneSimulator.ActiveCfg = Debug|Any CPU
		{0D8884F3-501A-4BE2-8E3C-8DAF2FB21916}.Debug|iPhoneSimulator.Build.0 = Debug|Any CPU
		{0D8884F3-501A-4BE2-8E3C-8DAF2FB21916}.Release|Any CPU.ActiveCfg = Release|Any CPU
		{0D8884F3-501A-4BE2-8E3C-8DAF2FB21916}.Release|Any CPU.Build.0 = Release|Any CPU
		{0D8884F3-501A-4BE2-8E3C-8DAF2FB21916}.Release|iPhone.ActiveCfg = Release|Any CPU
		{0D8884F3-501A-4BE2-8E3C-8DAF2FB21916}.Release|iPhone.Build.0 = Release|Any CPU
		{0D8884F3-501A-4BE2-8E3C-8DAF2FB21916}.Release|iPhoneSimulator.ActiveCfg = Release|Any CPU
		{0D8884F3-501A-4BE2-8E3C-8DAF2FB21916}.Release|iPhoneSimulator.Build.0 = Release|Any CPU
		{23ECA225-BA59-4194-958C-F56560F8AB97}.Ad-Hoc|Any CPU.ActiveCfg = Release|Any CPU
		{23ECA225-BA59-4194-958C-F56560F8AB97}.Ad-Hoc|Any CPU.Build.0 = Release|Any CPU
		{23ECA225-BA59-4194-958C-F56560F8AB97}.Ad-Hoc|iPhone.ActiveCfg = Release|Any CPU
		{23ECA225-BA59-4194-958C-F56560F8AB97}.Ad-Hoc|iPhone.Build.0 = Release|Any CPU
		{23ECA225-BA59-4194-958C-F56560F8AB97}.Ad-Hoc|iPhoneSimulator.ActiveCfg = Release|Any CPU
		{23ECA225-BA59-4194-958C-F56560F8AB97}.Ad-Hoc|iPhoneSimulator.Build.0 = Release|Any CPU
		{23ECA225-BA59-4194-958C-F56560F8AB97}.AppStore|Any CPU.ActiveCfg = Release|Any CPU
		{23ECA225-BA59-4194-958C-F56560F8AB97}.AppStore|Any CPU.Build.0 = Release|Any CPU
		{23ECA225-BA59-4194-958C-F56560F8AB97}.AppStore|iPhone.ActiveCfg = Release|Any CPU
		{23ECA225-BA59-4194-958C-F56560F8AB97}.AppStore|iPhone.Build.0 = Release|Any CPU
		{23ECA225-BA59-4194-958C-F56560F8AB97}.AppStore|iPhoneSimulator.ActiveCfg = Release|Any CPU
		{23ECA225-BA59-4194-958C-F56560F8AB97}.AppStore|iPhoneSimulator.Build.0 = Release|Any CPU
		{23ECA225-BA59-4194-958C-F56560F8AB97}.Debug|Any CPU.ActiveCfg = Debug|Any CPU
		{23ECA225-BA59-4194-958C-F56560F8AB97}.Debug|Any CPU.Build.0 = Debug|Any CPU
		{23ECA225-BA59-4194-958C-F56560F8AB97}.Debug|iPhone.ActiveCfg = Debug|Any CPU
		{23ECA225-BA59-4194-958C-F56560F8AB97}.Debug|iPhone.Build.0 = Debug|Any CPU
		{23ECA225-BA59-4194-958C-F56560F8AB97}.Debug|iPhoneSimulator.ActiveCfg = Debug|Any CPU
		{23ECA225-BA59-4194-958C-F56560F8AB97}.Debug|iPhoneSimulator.Build.0 = Debug|Any CPU
		{23ECA225-BA59-4194-958C-F56560F8AB97}.Release|Any CPU.ActiveCfg = Release|Any CPU
		{23ECA225-BA59-4194-958C-F56560F8AB97}.Release|Any CPU.Build.0 = Release|Any CPU
		{23ECA225-BA59-4194-958C-F56560F8AB97}.Release|iPhone.ActiveCfg = Release|Any CPU
		{23ECA225-BA59-4194-958C-F56560F8AB97}.Release|iPhone.Build.0 = Release|Any CPU
		{23ECA225-BA59-4194-958C-F56560F8AB97}.Release|iPhoneSimulator.ActiveCfg = Release|Any CPU
		{23ECA225-BA59-4194-958C-F56560F8AB97}.Release|iPhoneSimulator.Build.0 = Release|Any CPU
		{AF749127-DB9C-4D1C-BD52-394C74F32051}.Ad-Hoc|Any CPU.ActiveCfg = Release|Any CPU
		{AF749127-DB9C-4D1C-BD52-394C74F32051}.Ad-Hoc|Any CPU.Build.0 = Release|Any CPU
		{AF749127-DB9C-4D1C-BD52-394C74F32051}.Ad-Hoc|iPhone.ActiveCfg = Release|Any CPU
		{AF749127-DB9C-4D1C-BD52-394C74F32051}.Ad-Hoc|iPhone.Build.0 = Release|Any CPU
		{AF749127-DB9C-4D1C-BD52-394C74F32051}.Ad-Hoc|iPhoneSimulator.ActiveCfg = Release|Any CPU
		{AF749127-DB9C-4D1C-BD52-394C74F32051}.Ad-Hoc|iPhoneSimulator.Build.0 = Release|Any CPU
		{AF749127-DB9C-4D1C-BD52-394C74F32051}.AppStore|Any CPU.ActiveCfg = Release|Any CPU
		{AF749127-DB9C-4D1C-BD52-394C74F32051}.AppStore|Any CPU.Build.0 = Release|Any CPU
		{AF749127-DB9C-4D1C-BD52-394C74F32051}.AppStore|iPhone.ActiveCfg = Release|Any CPU
		{AF749127-DB9C-4D1C-BD52-394C74F32051}.AppStore|iPhone.Build.0 = Release|Any CPU
		{AF749127-DB9C-4D1C-BD52-394C74F32051}.AppStore|iPhoneSimulator.ActiveCfg = Release|Any CPU
		{AF749127-DB9C-4D1C-BD52-394C74F32051}.AppStore|iPhoneSimulator.Build.0 = Release|Any CPU
		{AF749127-DB9C-4D1C-BD52-394C74F32051}.Debug|Any CPU.ActiveCfg = Debug|Any CPU
		{AF749127-DB9C-4D1C-BD52-394C74F32051}.Debug|Any CPU.Build.0 = Debug|Any CPU
		{AF749127-DB9C-4D1C-BD52-394C74F32051}.Debug|iPhone.ActiveCfg = Debug|Any CPU
		{AF749127-DB9C-4D1C-BD52-394C74F32051}.Debug|iPhone.Build.0 = Debug|Any CPU
		{AF749127-DB9C-4D1C-BD52-394C74F32051}.Debug|iPhoneSimulator.ActiveCfg = Debug|Any CPU
		{AF749127-DB9C-4D1C-BD52-394C74F32051}.Debug|iPhoneSimulator.Build.0 = Debug|Any CPU
		{AF749127-DB9C-4D1C-BD52-394C74F32051}.Release|Any CPU.ActiveCfg = Release|Any CPU
		{AF749127-DB9C-4D1C-BD52-394C74F32051}.Release|Any CPU.Build.0 = Release|Any CPU
		{AF749127-DB9C-4D1C-BD52-394C74F32051}.Release|iPhone.ActiveCfg = Release|Any CPU
		{AF749127-DB9C-4D1C-BD52-394C74F32051}.Release|iPhone.Build.0 = Release|Any CPU
		{AF749127-DB9C-4D1C-BD52-394C74F32051}.Release|iPhoneSimulator.ActiveCfg = Release|Any CPU
		{AF749127-DB9C-4D1C-BD52-394C74F32051}.Release|iPhoneSimulator.Build.0 = Release|Any CPU
		{A6C85C3B-C6A0-4DE0-AF5F-59C7C95F6750}.Ad-Hoc|Any CPU.ActiveCfg = Release|Any CPU
		{A6C85C3B-C6A0-4DE0-AF5F-59C7C95F6750}.Ad-Hoc|Any CPU.Build.0 = Release|Any CPU
		{A6C85C3B-C6A0-4DE0-AF5F-59C7C95F6750}.Ad-Hoc|iPhone.ActiveCfg = Release|Any CPU
		{A6C85C3B-C6A0-4DE0-AF5F-59C7C95F6750}.Ad-Hoc|iPhone.Build.0 = Release|Any CPU
		{A6C85C3B-C6A0-4DE0-AF5F-59C7C95F6750}.Ad-Hoc|iPhoneSimulator.ActiveCfg = Release|Any CPU
		{A6C85C3B-C6A0-4DE0-AF5F-59C7C95F6750}.Ad-Hoc|iPhoneSimulator.Build.0 = Release|Any CPU
		{A6C85C3B-C6A0-4DE0-AF5F-59C7C95F6750}.AppStore|Any CPU.ActiveCfg = Release|Any CPU
		{A6C85C3B-C6A0-4DE0-AF5F-59C7C95F6750}.AppStore|Any CPU.Build.0 = Release|Any CPU
		{A6C85C3B-C6A0-4DE0-AF5F-59C7C95F6750}.AppStore|iPhone.ActiveCfg = Release|Any CPU
		{A6C85C3B-C6A0-4DE0-AF5F-59C7C95F6750}.AppStore|iPhone.Build.0 = Release|Any CPU
		{A6C85C3B-C6A0-4DE0-AF5F-59C7C95F6750}.AppStore|iPhoneSimulator.ActiveCfg = Release|Any CPU
		{A6C85C3B-C6A0-4DE0-AF5F-59C7C95F6750}.AppStore|iPhoneSimulator.Build.0 = Release|Any CPU
		{A6C85C3B-C6A0-4DE0-AF5F-59C7C95F6750}.Debug|Any CPU.ActiveCfg = Debug|Any CPU
		{A6C85C3B-C6A0-4DE0-AF5F-59C7C95F6750}.Debug|Any CPU.Build.0 = Debug|Any CPU
		{A6C85C3B-C6A0-4DE0-AF5F-59C7C95F6750}.Debug|iPhone.ActiveCfg = Debug|Any CPU
		{A6C85C3B-C6A0-4DE0-AF5F-59C7C95F6750}.Debug|iPhone.Build.0 = Debug|Any CPU
		{A6C85C3B-C6A0-4DE0-AF5F-59C7C95F6750}.Debug|iPhoneSimulator.ActiveCfg = Debug|Any CPU
		{A6C85C3B-C6A0-4DE0-AF5F-59C7C95F6750}.Debug|iPhoneSimulator.Build.0 = Debug|Any CPU
		{A6C85C3B-C6A0-4DE0-AF5F-59C7C95F6750}.Release|Any CPU.ActiveCfg = Release|Any CPU
		{A6C85C3B-C6A0-4DE0-AF5F-59C7C95F6750}.Release|Any CPU.Build.0 = Release|Any CPU
		{A6C85C3B-C6A0-4DE0-AF5F-59C7C95F6750}.Release|iPhone.ActiveCfg = Release|Any CPU
		{A6C85C3B-C6A0-4DE0-AF5F-59C7C95F6750}.Release|iPhone.Build.0 = Release|Any CPU
		{A6C85C3B-C6A0-4DE0-AF5F-59C7C95F6750}.Release|iPhoneSimulator.ActiveCfg = Release|Any CPU
		{A6C85C3B-C6A0-4DE0-AF5F-59C7C95F6750}.Release|iPhoneSimulator.Build.0 = Release|Any CPU
	EndGlobalSection
	GlobalSection(SolutionProperties) = preSolution
		HideSolutionNode = FALSE
	EndGlobalSection
	GlobalSection(ExtensibilityGlobals) = postSolution
		SolutionGuid = {09FE55DF-D408-4A9E-A5E9-E49C82135181}
	EndGlobalSection
EndGlobal
